{
  "name": "youtube-full-captions",
  "version": "1.0.0",
  "lockfileVersion": 3,
  "requires": true,
  "packages": {
    "": {
      "name": "youtube-full-captions",
      "version": "1.0.0",
      "license": "ISC",
      "devDependencies": {
        "chrome-types": "0.1.2"
      }
    },
    "node_modules/chrome-types": {
      "version": "0.1.2",
      "resolved": "https://registry.npmjs.org/chrome-types/-/chrome-types-0.1.2.tgz",
      "integrity": "sha512-SCr1IdqTB/B5ENaHoNhZbMQXCTvhlmru4l6ZSYE2XYRK80FYiJsQb5XeOvCnacS47C8zzPIBcq4jXpBmwHjZCw==",
      "dev": true
    }
  }
}
